// !$*UTF8*$!
{
	archiveVersion = 1;
	classes = {
	};
	objectVersion = 56;
	objects = {

/* Begin PBXBuildFile section */
		E756FA942E76DC0D003DF5C8 /* ResizableView.swift in Sources */ = {isa = PBXBuildFile; fileRef = E756FA932E76DC0D003DF5C8 /* ResizableView.swift */; };
		E756FA972E76DCD0003DF5C8 /* Transform.swift in Sources */ = {isa = PBXBuildFile; fileRef = E756FA962E76DCD0003DF5C8 /* Transform.swift */; };
		E756FA992E76DD1F003DF5C8 /* Operators.swift in Sources */ = {isa = PBXBuildFile; fileRef = E756FA982E76DD1F003DF5C8 /* Operators.swift */; };
		E756FA9B2E76DFCA003DF5C8 /* CardToolbar.swift in Sources */ = {isa = PBXBuildFile; fileRef = E756FA9A2E76DFCA003DF5C8 /* CardToolbar.swift */; };
		E756FA9F2E76E113003DF5C8 /* Settings.swift in Sources */ = {isa = PBXBuildFile; fileRef = E756FA9E2E76E113003DF5C8 /* Settings.swift */; };
		E756FAA22E76E1D9003DF5C8 /* ColorExtensions.swift in Sources */ = {isa = PBXBuildFile; fileRef = E756FAA12E76E1D9003DF5C8 /* ColorExtensions.swift */; };
		E756FAA42E76E8BE003DF5C8 /* PreviewData.swift in Sources */ = {isa = PBXBuildFile; fileRef = E756FAA32E76E8BE003DF5C8 /* PreviewData.swift */; };
		E756FAA62E76E9A2003DF5C8 /* TextExtensions.swift in Sources */ = {isa = PBXBuildFile; fileRef = E756FAA52E76E9A2003DF5C8 /* TextExtensions.swift */; };
		E756FAA82E76E9FA003DF5C8 /* CardStore.swift in Sources */ = {isa = PBXBuildFile; fileRef = E756FAA72E76E9FA003DF5C8 /* CardStore.swift */; };
		E756FAAA2E76EA2B003DF5C8 /* CardElement.swift in Sources */ = {isa = PBXBuildFile; fileRef = E756FAA92E76EA2B003DF5C8 /* CardElement.swift */; };
		E756FAAC2E76EA56003DF5C8 /* Card.swift in Sources */ = {isa = PBXBuildFile; fileRef = E756FAAB2E76EA55003DF5C8 /* Card.swift */; };
		E756FAAE2E76EB4C003DF5C8 /* CardDetailView.swift in Sources */ = {isa = PBXBuildFile; fileRef = E756FAAD2E76EB4C003DF5C8 /* CardDetailView.swift */; };
		E756FAB02E76EB91003DF5C8 /* CardElementView.swift in Sources */ = {isa = PBXBuildFile; fileRef = E756FAAF2E76EB91003DF5C8 /* CardElementView.swift */; };
		E756FAB72E76F75A003DF5C8 /* StickerModal.swift in Sources */ = {isa = PBXBuildFile; fileRef = E756FAB62E76F75A003DF5C8 /* StickerModal.swift */; };
		E756FAC02E7D86C1003DF5C8 /* PhotosModal.swift in Sources */ = {isa = PBXBuildFile; fileRef = E756FABF2E7D86C0003DF5C8 /* PhotosModal.swift */; };
		E756FAC22E7D88C2003DF5C8 /* CustomTransfer.swift in Sources */ = {isa = PBXBuildFile; fileRef = E756FAC12E7D88C2003DF5C8 /* CustomTransfer.swift */; };
		E756FAC42E7D8A04003DF5C8 /* ElementContextMenu.swift in Sources */ = {isa = PBXBuildFile; fileRef = E756FAC32E7D8A04003DF5C8 /* ElementContextMenu.swift */; };
		E756FACA2E7D9867003DF5C8 /* Shapes.swift in Sources */ = {isa = PBXBuildFile; fileRef = E756FAC92E7D9867003DF5C8 /* Shapes.swift */; };
		E756FACC2E7D99B0003DF5C8 /* FrameModal.swift in Sources */ = {isa = PBXBuildFile; fileRef = E756FACB2E7D99B0003DF5C8 /* FrameModal.swift */; };
		E756FACE2E7D9BDB003DF5C8 /* UIImageExtensions.swift in Sources */ = {isa = PBXBuildFile; fileRef = E756FACD2E7D9BDB003DF5C8 /* UIImageExtensions.swift */; };
		E756FAD02E7DA260003DF5C8 /* Stickers in Resources */ = {isa = PBXBuildFile; fileRef = E756FACF2E7DA260003DF5C8 /* Stickers */; };
		E756FAD22E7DA553003DF5C8 /* AngleExtensions.swift in Sources */ = {isa = PBXBuildFile; fileRef = E756FAD12E7DA553003DF5C8 /* AngleExtensions.swift */; };
		E756FAD42E7DB8FB003DF5C8 /* TextModal.swift in Sources */ = {isa = PBXBuildFile; fileRef = E756FAD32E7DB8FB003DF5C8 /* TextModal.swift */; };
		E756FAD62E7DBE14003DF5C8 /* LayoutView.swift in Sources */ = {isa = PBXBuildFile; fileRef = E756FAD52E7DBE14003DF5C8 /* LayoutView.swift */; };
		E7B064E32E76BDC80027F1E5 /* CardsApp.swift in Sources */ = {isa = PBXBuildFile; fileRef = E7B064E22E76BDC80027F1E5 /* CardsApp.swift */; };
		E7B064E52E76BDC80027F1E5 /* ContentView.swift in Sources */ = {isa = PBXBuildFile; fileRef = E7B064E42E76BDC80027F1E5 /* ContentView.swift */; };
		E7B064E72E76BDCD0027F1E5 /* Assets.xcassets in Resources */ = {isa = PBXBuildFile; fileRef = E7B064E62E76BDCD0027F1E5 /* Assets.xcassets */; };
		E7B064EA2E76BDCD0027F1E5 /* Preview Assets.xcassets in Resources */ = {isa = PBXBuildFile; fileRef = E7B064E92E76BDCD0027F1E5 /* Preview Assets.xcassets */; };
		E7B064F12E76C1220027F1E5 /* CardsListView.swift in Sources */ = {isa = PBXBuildFile; fileRef = E7B064F02E76C1220027F1E5 /* CardsListView.swift */; };
		E7B064F32E76C2590027F1E5 /* CardThumbnail.swift in Sources */ = {isa = PBXBuildFile; fileRef = E7B064F22E76C2590027F1E5 /* CardThumbnail.swift */; };
		E7B064F52E76C2EF0027F1E5 /* SingleCardView.swift in Sources */ = {isa = PBXBuildFile; fileRef = E7B064F42E76C2EF0027F1E5 /* SingleCardView.swift */; };
		E7B064F72E76C39D0027F1E5 /* ToolbarSelection.swift in Sources */ = {isa = PBXBuildFile; fileRef = E7B064F62E76C39D0027F1E5 /* ToolbarSelection.swift */; };
		E7B064F92E76C4390027F1E5 /* BottomToolbar.swift in Sources */ = {isa = PBXBuildFile; fileRef = E7B064F82E76C4390027F1E5 /* BottomToolbar.swift */; };
/* End PBXBuildFile section */

/* Begin PBXFileReference section */
		E756FA932E76DC0D003DF5C8 /* ResizableView.swift */ = {isa = PBXFileReference; lastKnownFileType = sourcecode.swift; path = ResizableView.swift; sourceTree = "<group>"; };
		E756FA962E76DCD0003DF5C8 /* Transform.swift */ = {isa = PBXFileReference; lastKnownFileType = sourcecode.swift; path = Transform.swift; sourceTree = "<group>"; };
		E756FA982E76DD1F003DF5C8 /* Operators.swift */ = {isa = PBXFileReference; lastKnownFileType = sourcecode.swift; path = Operators.swift; sourceTree = "<group>"; };
		E756FA9A2E76DFCA003DF5C8 /* CardToolbar.swift */ = {isa = PBXFileReference; lastKnownFileType = sourcecode.swift; path = CardToolbar.swift; sourceTree = "<group>"; };
		E756FA9E2E76E113003DF5C8 /* Settings.swift */ = {isa = PBXFileReference; lastKnownFileType = sourcecode.swift; path = Settings.swift; sourceTree = "<group>"; };
		E756FAA12E76E1D9003DF5C8 /* ColorExtensions.swift */ = {isa = PBXFileReference; lastKnownFileType = sourcecode.swift; path = ColorExtensions.swift; sourceTree = "<group>"; };
		E756FAA32E76E8BE003DF5C8 /* PreviewData.swift */ = {isa = PBXFileReference; fileEncoding = 4; lastKnownFileType = sourcecode.swift; path = PreviewData.swift; sourceTree = "<group>"; };
		E756FAA52E76E9A2003DF5C8 /* TextExtensions.swift */ = {isa = PBXFileReference; lastKnownFileType = sourcecode.swift; path = TextExtensions.swift; sourceTree = "<group>"; };
		E756FAA72E76E9FA003DF5C8 /* CardStore.swift */ = {isa = PBXFileReference; lastKnownFileType = sourcecode.swift; path = CardStore.swift; sourceTree = "<group>"; };
		E756FAA92E76EA2B003DF5C8 /* CardElement.swift */ = {isa = PBXFileReference; lastKnownFileType = sourcecode.swift; path = CardElement.swift; sourceTree = "<group>"; };
		E756FAAB2E76EA55003DF5C8 /* Card.swift */ = {isa = PBXFileReference; lastKnownFileType = sourcecode.swift; path = Card.swift; sourceTree = "<group>"; };
		E756FAAD2E76EB4C003DF5C8 /* CardDetailView.swift */ = {isa = PBXFileReference; lastKnownFileType = sourcecode.swift; path = CardDetailView.swift; sourceTree = "<group>"; };
		E756FAAF2E76EB91003DF5C8 /* CardElementView.swift */ = {isa = PBXFileReference; lastKnownFileType = sourcecode.swift; path = CardElementView.swift; sourceTree = "<group>"; };
		E756FAB12E76F23F003DF5C8 /* Info.plist */ = {isa = PBXFileReference; lastKnownFileType = text.plist; path = Info.plist; sourceTree = "<group>"; };
		E756FAB62E76F75A003DF5C8 /* StickerModal.swift */ = {isa = PBXFileReference; lastKnownFileType = sourcecode.swift; path = StickerModal.swift; sourceTree = "<group>"; };
		E756FABF2E7D86C0003DF5C8 /* PhotosModal.swift */ = {isa = PBXFileReference; lastKnownFileType = sourcecode.swift; path = PhotosModal.swift; sourceTree = "<group>"; };
		E756FAC12E7D88C2003DF5C8 /* CustomTransfer.swift */ = {isa = PBXFileReference; lastKnownFileType = sourcecode.swift; path = CustomTransfer.swift; sourceTree = "<group>"; };
		E756FAC32E7D8A04003DF5C8 /* ElementContextMenu.swift */ = {isa = PBXFileReference; lastKnownFileType = sourcecode.swift; path = ElementContextMenu.swift; sourceTree = "<group>"; };
		E756FAC92E7D9867003DF5C8 /* Shapes.swift */ = {isa = PBXFileReference; lastKnownFileType = sourcecode.swift; path = Shapes.swift; sourceTree = "<group>"; };
		E756FACB2E7D99B0003DF5C8 /* FrameModal.swift */ = {isa = PBXFileReference; lastKnownFileType = sourcecode.swift; path = FrameModal.swift; sourceTree = "<group>"; };
		E756FACD2E7D9BDB003DF5C8 /* UIImageExtensions.swift */ = {isa = PBXFileReference; lastKnownFileType = sourcecode.swift; path = UIImageExtensions.swift; sourceTree = "<group>"; };
		E756FACF2E7DA260003DF5C8 /* Stickers */ = {isa = PBXFileReference; lastKnownFileType = folder; name = Stickers; path = "../../../Downloads/suia-materials-editions-2.0/18-paths-and-custom-shapes/projects/challenge/Cards/Cards/Stickers"; sourceTree = "<group>"; };
		E756FAD12E7DA553003DF5C8 /* AngleExtensions.swift */ = {isa = PBXFileReference; lastKnownFileType = sourcecode.swift; path = AngleExtensions.swift; sourceTree = "<group>"; };
		E756FAD32E7DB8FB003DF5C8 /* TextModal.swift */ = {isa = PBXFileReference; lastKnownFileType = sourcecode.swift; path = TextModal.swift; sourceTree = "<group>"; };
		E756FAD52E7DBE14003DF5C8 /* LayoutView.swift */ = {isa = PBXFileReference; lastKnownFileType = sourcecode.swift; path = LayoutView.swift; sourceTree = "<group>"; };
		E7B064DF2E76BDC80027F1E5 /* Cards.app */ = {isa = PBXFileReference; explicitFileType = wrapper.application; includeInIndex = 0; path = Cards.app; sourceTree = BUILT_PRODUCTS_DIR; };
		E7B064E22E76BDC80027F1E5 /* CardsApp.swift */ = {isa = PBXFileReference; lastKnownFileType = sourcecode.swift; path = CardsApp.swift; sourceTree = "<group>"; };
		E7B064E42E76BDC80027F1E5 /* ContentView.swift */ = {isa = PBXFileReference; lastKnownFileType = sourcecode.swift; path = ContentView.swift; sourceTree = "<group>"; };
		E7B064E62E76BDCD0027F1E5 /* Assets.xcassets */ = {isa = PBXFileReference; lastKnownFileType = folder.assetcatalog; path = Assets.xcassets; sourceTree = "<group>"; };
		E7B064E92E76BDCD0027F1E5 /* Preview Assets.xcassets */ = {isa = PBXFileReference; lastKnownFileType = folder.assetcatalog; path = "Preview Assets.xcassets"; sourceTree = "<group>"; };
		E7B064F02E76C1220027F1E5 /* CardsListView.swift */ = {isa = PBXFileReference; lastKnownFileType = sourcecode.swift; path = CardsListView.swift; sourceTree = "<group>"; };
		E7B064F22E76C2590027F1E5 /* CardThumbnail.swift */ = {isa = PBXFileReference; lastKnownFileType = sourcecode.swift; path = CardThumbnail.swift; sourceTree = "<group>"; };
		E7B064F42E76C2EF0027F1E5 /* SingleCardView.swift */ = {isa = PBXFileReference; lastKnownFileType = sourcecode.swift; path = SingleCardView.swift; sourceTree = "<group>"; };
		E7B064F62E76C39D0027F1E5 /* ToolbarSelection.swift */ = {isa = PBXFileReference; lastKnownFileType = sourcecode.swift; path = ToolbarSelection.swift; sourceTree = "<group>"; };
		E7B064F82E76C4390027F1E5 /* BottomToolbar.swift */ = {isa = PBXFileReference; lastKnownFileType = sourcecode.swift; path = BottomToolbar.swift; sourceTree = "<group>"; };
/* End PBXFileReference section */

/* Begin PBXFrameworksBuildPhase section */
		E7B064DC2E76BDC80027F1E5 /* Frameworks */ = {
			isa = PBXFrameworksBuildPhase;
			buildActionMask = 2147483647;
			files = (
			);
			runOnlyForDeploymentPostprocessing = 0;
		};
/* End PBXFrameworksBuildPhase section */

/* Begin PBXGroup section */
		E756FA922E76DAC9003DF5C8 /* Single Card Views */ = {
			isa = PBXGroup;
			children = (
				E756FAB52E76F6F2003DF5C8 /* Card Modal Views */,
				E7B064F42E76C2EF0027F1E5 /* SingleCardView.swift */,
				E7B064F82E76C4390027F1E5 /* BottomToolbar.swift */,
				E7B064F62E76C39D0027F1E5 /* ToolbarSelection.swift */,
				E756FA9A2E76DFCA003DF5C8 /* CardToolbar.swift */,
				E756FAAD2E76EB4C003DF5C8 /* CardDetailView.swift */,
				E756FAAF2E76EB91003DF5C8 /* CardElementView.swift */,
				E756FAC32E7D8A04003DF5C8 /* ElementContextMenu.swift */,
				E756FAD52E7DBE14003DF5C8 /* LayoutView.swift */,
			);
			path = "Single Card Views";
			sourceTree = "<group>";
		};
		E756FA952E76DC85003DF5C8 /* Model */ = {
			isa = PBXGroup;
			children = (
				E756FA962E76DCD0003DF5C8 /* Transform.swift */,
				E756FA982E76DD1F003DF5C8 /* Operators.swift */,
				E756FAA72E76E9FA003DF5C8 /* CardStore.swift */,
				E756FAA92E76EA2B003DF5C8 /* CardElement.swift */,
				E756FAAB2E76EA55003DF5C8 /* Card.swift */,
				E756FAC12E7D88C2003DF5C8 /* CustomTransfer.swift */,
				E756FAC92E7D9867003DF5C8 /* Shapes.swift */,
			);
			path = Model;
			sourceTree = "<group>";
		};
		E756FA9D2E76E0C4003DF5C8 /* Config */ = {
			isa = PBXGroup;
			children = (
				E756FA9E2E76E113003DF5C8 /* Settings.swift */,
			);
			path = Config;
			sourceTree = "<group>";
		};
		E756FAA02E76E184003DF5C8 /* Extensions */ = {
			isa = PBXGroup;
			children = (
				E756FAA12E76E1D9003DF5C8 /* ColorExtensions.swift */,
				E756FAA52E76E9A2003DF5C8 /* TextExtensions.swift */,
				E756FACD2E7D9BDB003DF5C8 /* UIImageExtensions.swift */,
				E756FAD12E7DA553003DF5C8 /* AngleExtensions.swift */,
			);
			path = Extensions;
			sourceTree = "<group>";
		};
		E756FAB52E76F6F2003DF5C8 /* Card Modal Views */ = {
			isa = PBXGroup;
			children = (
				E756FAB62E76F75A003DF5C8 /* StickerModal.swift */,
				E756FABF2E7D86C0003DF5C8 /* PhotosModal.swift */,
				E756FACB2E7D99B0003DF5C8 /* FrameModal.swift */,
				E756FAD32E7DB8FB003DF5C8 /* TextModal.swift */,
			);
			path = "Card Modal Views";
			sourceTree = "<group>";
		};
		E7B064D62E76BDC80027F1E5 = {
			isa = PBXGroup;
			children = (
				E7B064E12E76BDC80027F1E5 /* Cards */,
				E7B064E02E76BDC80027F1E5 /* Products */,
			);
			sourceTree = "<group>";
		};
		E7B064E02E76BDC80027F1E5 /* Products */ = {
			isa = PBXGroup;
			children = (
				E7B064DF2E76BDC80027F1E5 /* Cards.app */,
			);
			name = Products;
			sourceTree = "<group>";
		};
		E7B064E12E76BDC80027F1E5 /* Cards */ = {
			isa = PBXGroup;
			children = (
				E756FACF2E7DA260003DF5C8 /* Stickers */,
				E756FAB12E76F23F003DF5C8 /* Info.plist */,
				E756FAA02E76E184003DF5C8 /* Extensions */,
				E756FA9D2E76E0C4003DF5C8 /* Config */,
				E756FA952E76DC85003DF5C8 /* Model */,
				E756FA922E76DAC9003DF5C8 /* Single Card Views */,
				E7B064E22E76BDC80027F1E5 /* CardsApp.swift */,
				E7B064F02E76C1220027F1E5 /* CardsListView.swift */,
				E7B064F22E76C2590027F1E5 /* CardThumbnail.swift */,
				E756FA932E76DC0D003DF5C8 /* ResizableView.swift */,
				E7B064E42E76BDC80027F1E5 /* ContentView.swift */,
				E7B064E62E76BDCD0027F1E5 /* Assets.xcassets */,
				E7B064E82E76BDCD0027F1E5 /* Preview Content */,
			);
			path = Cards;
			sourceTree = "<group>";
		};
		E7B064E82E76BDCD0027F1E5 /* Preview Content */ = {
			isa = PBXGroup;
			children = (
				E756FAA32E76E8BE003DF5C8 /* PreviewData.swift */,
				E7B064E92E76BDCD0027F1E5 /* Preview Assets.xcassets */,
			);
			path = "Preview Content";
			sourceTree = "<group>";
		};
/* End PBXGroup section */

/* Begin PBXNativeTarget section */
		E7B064DE2E76BDC80027F1E5 /* Cards */ = {
			isa = PBXNativeTarget;
			buildConfigurationList = E7B064ED2E76BDCD0027F1E5 /* Build configuration list for PBXNativeTarget "Cards" */;
			buildPhases = (
				E7B064DB2E76BDC80027F1E5 /* Sources */,
				E7B064DC2E76BDC80027F1E5 /* Frameworks */,
				E7B064DD2E76BDC80027F1E5 /* Resources */,
			);
			buildRules = (
			);
			dependencies = (
			);
			name = Cards;
			productName = Cards;
			productReference = E7B064DF2E76BDC80027F1E5 /* Cards.app */;
			productType = "com.apple.product-type.application";
		};
/* End PBXNativeTarget section */

/* Begin PBXProject section */
		E7B064D72E76BDC80027F1E5 /* Project object */ = {
			isa = PBXProject;
			attributes = {
				BuildIndependentTargetsInParallel = 1;
				LastSwiftUpdateCheck = 1540;
				LastUpgradeCheck = 1540;
				TargetAttributes = {
					E7B064DE2E76BDC80027F1E5 = {
						CreatedOnToolsVersion = 15.4;
					};
				};
			};
			buildConfigurationList = E7B064DA2E76BDC80027F1E5 /* Build configuration list for PBXProject "Cards" */;
			compatibilityVersion = "Xcode 14.0";
			developmentRegion = en;
			hasScannedForEncodings = 0;
			knownRegions = (
				en,
				Base,
			);
			mainGroup = E7B064D62E76BDC80027F1E5;
			productRefGroup = E7B064E02E76BDC80027F1E5 /* Products */;
			projectDirPath = "";
			projectRoot = "";
			targets = (
				E7B064DE2E76BDC80027F1E5 /* Cards */,
			);
		};
/* End PBXProject section */

/* Begin PBXResourcesBuildPhase section */
		E7B064DD2E76BDC80027F1E5 /* Resources */ = {
			isa = PBXResourcesBuildPhase;
			buildActionMask = 2147483647;
			files = (
				E7B064EA2E76BDCD0027F1E5 /* Preview Assets.xcassets in Resources */,
				E756FAD02E7DA260003DF5C8 /* Stickers in Resources */,
				E7B064E72E76BDCD0027F1E5 /* Assets.xcassets in Resources */,
			);
			runOnlyForDeploymentPostprocessing = 0;
		};
/* End PBXResourcesBuildPhase section */

/* Begin PBXSourcesBuildPhase section */
		E7B064DB2E76BDC80027F1E5 /* Sources */ = {
			isa = PBXSourcesBuildPhase;
			buildActionMask = 2147483647;
			files = (
				E756FAC22E7D88C2003DF5C8 /* CustomTransfer.swift in Sources */,
				E756FAAE2E76EB4C003DF5C8 /* CardDetailView.swift in Sources */,
				E756FAD62E7DBE14003DF5C8 /* LayoutView.swift in Sources */,
				E756FA9B2E76DFCA003DF5C8 /* CardToolbar.swift in Sources */,
				E756FAB72E76F75A003DF5C8 /* StickerModal.swift in Sources */,
				E756FAAC2E76EA56003DF5C8 /* Card.swift in Sources */,
				E756FAA82E76E9FA003DF5C8 /* CardStore.swift in Sources */,
				E756FAA22E76E1D9003DF5C8 /* ColorExtensions.swift in Sources */,
				E756FACC2E7D99B0003DF5C8 /* FrameModal.swift in Sources */,
				E7B064F32E76C2590027F1E5 /* CardThumbnail.swift in Sources */,
				E756FA992E76DD1F003DF5C8 /* Operators.swift in Sources */,
				E756FAA62E76E9A2003DF5C8 /* TextExtensions.swift in Sources */,
				E756FAA42E76E8BE003DF5C8 /* PreviewData.swift in Sources */,
				E756FAD42E7DB8FB003DF5C8 /* TextModal.swift in Sources */,
				E7B064E52E76BDC80027F1E5 /* ContentView.swift in Sources */,
				E756FA942E76DC0D003DF5C8 /* ResizableView.swift in Sources */,
				E7B064F12E76C1220027F1E5 /* CardsListView.swift in Sources */,
				E756FAAA2E76EA2B003DF5C8 /* CardElement.swift in Sources */,
				E756FAC42E7D8A04003DF5C8 /* ElementContextMenu.swift in Sources */,
				E756FA9F2E76E113003DF5C8 /* Settings.swift in Sources */,
				E756FACE2E7D9BDB003DF5C8 /* UIImageExtensions.swift in Sources */,
				E756FACA2E7D9867003DF5C8 /* Shapes.swift in Sources */,
				E7B064F52E76C2EF0027F1E5 /* SingleCardView.swift in Sources */,
				E756FAB02E76EB91003DF5C8 /* CardElementView.swift in Sources */,
				E7B064F72E76C39D0027F1E5 /* ToolbarSelection.swift in Sources */,
				E7B064F92E76C4390027F1E5 /* BottomToolbar.swift in Sources */,
				E756FA972E76DCD0003DF5C8 /* Transform.swift in Sources */,
				E756FAC02E7D86C1003DF5C8 /* PhotosModal.swift in Sources */,
				E7B064E32E76BDC80027F1E5 /* CardsApp.swift in Sources */,
				E756FAD22E7DA553003DF5C8 /* AngleExtensions.swift in Sources */,
			);
			runOnlyForDeploymentPostprocessing = 0;
		};
/* End PBXSourcesBuildPhase section */

/* Begin XCBuildConfiguration section */
		E7B064EB2E76BDCD0027F1E5 /* Debug */ = {
			isa = XCBuildConfiguration;
			buildSettings = {
				ALWAYS_SEARCH_USER_PATHS = NO;
				ASSETCATALOG_COMPILER_GENERATE_SWIFT_ASSET_SYMBOL_EXTENSIONS = YES;
				CLANG_ANALYZER_NONNULL = YES;
				CLANG_ANALYZER_NUMBER_OBJECT_CONVERSION = YES_AGGRESSIVE;
				CLANG_CXX_LANGUAGE_STANDARD = "gnu++20";
				CLANG_ENABLE_MODULES = YES;
				CLANG_ENABLE_OBJC_ARC = YES;
				CLANG_ENABLE_OBJC_WEAK = YES;
				CLANG_WARN_BLOCK_CAPTURE_AUTORELEASING = YES;
				CLANG_WARN_BOOL_CONVERSION = YES;
				CLANG_WARN_COMMA = YES;
				CLANG_WARN_CONSTANT_CONVERSION = YES;
				CLANG_WARN_DEPRECATED_OBJC_IMPLEMENTATIONS = YES;
				CLANG_WARN_DIRECT_OBJC_ISA_USAGE = YES_ERROR;
				CLANG_WARN_DOCUMENTATION_COMMENTS = YES;
				CLANG_WARN_EMPTY_BODY = YES;
				CLANG_WARN_ENUM_CONVERSION = YES;
				CLANG_WARN_INFINITE_RECURSION = YES;
				CLANG_WARN_INT_CONVERSION = YES;
				CLANG_WARN_NON_LITERAL_NULL_CONVERSION = YES;
				CLANG_WARN_OBJC_IMPLICIT_RETAIN_SELF = YES;
				CLANG_WARN_OBJC_LITERAL_CONVERSION = YES;
				CLANG_WARN_OBJC_ROOT_CLASS = YES_ERROR;
				CLANG_WARN_QUOTED_INCLUDE_IN_FRAMEWORK_HEADER = YES;
				CLANG_WARN_RANGE_LOOP_ANALYSIS = YES;
				CLANG_WARN_STRICT_PROTOTYPES = YES;
				CLANG_WARN_SUSPICIOUS_MOVE = YES;
				CLANG_WARN_UNGUARDED_AVAILABILITY = YES_AGGRESSIVE;
				CLANG_WARN_UNREACHABLE_CODE = YES;
				CLANG_WARN__DUPLICATE_METHOD_MATCH = YES;
				COPY_PHASE_STRIP = NO;
				DEBUG_INFORMATION_FORMAT = dwarf;
				ENABLE_STRICT_OBJC_MSGSEND = YES;
				ENABLE_TESTABILITY = YES;
				ENABLE_USER_SCRIPT_SANDBOXING = YES;
				GCC_C_LANGUAGE_STANDARD = gnu17;
				GCC_DYNAMIC_NO_PIC = NO;
				GCC_NO_COMMON_BLOCKS = YES;
				GCC_OPTIMIZATION_LEVEL = 0;
				GCC_PREPROCESSOR_DEFINITIONS = (
					"DEBUG=1",
					"$(inherited)",
				);
				GCC_WARN_64_TO_32_BIT_CONVERSION = YES;
				GCC_WARN_ABOUT_RETURN_TYPE = YES_ERROR;
				GCC_WARN_UNDECLARED_SELECTOR = YES;
				GCC_WARN_UNINITIALIZED_AUTOS = YES_AGGRESSIVE;
				GCC_WARN_UNUSED_FUNCTION = YES;
				GCC_WARN_UNUSED_VARIABLE = YES;
				IPHONEOS_DEPLOYMENT_TARGET = 17.5;
				LOCALIZATION_PREFERS_STRING_CATALOGS = YES;
				MTL_ENABLE_DEBUG_INFO = INCLUDE_SOURCE;
				MTL_FAST_MATH = YES;
				ONLY_ACTIVE_ARCH = YES;
				SDKROOT = iphoneos;
				SWIFT_ACTIVE_COMPILATION_CONDITIONS = "DEBUG $(inherited)";
				SWIFT_OPTIMIZATION_LEVEL = "-Onone";
			};
			name = Debug;
		};
		E7B064EC2E76BDCD0027F1E5 /* Release */ = {
			isa = XCBuildConfiguration;
			buildSettings = {
				ALWAYS_SEARCH_USER_PATHS = NO;
				ASSETCATALOG_COMPILER_GENERATE_SWIFT_ASSET_SYMBOL_EXTENSIONS = YES;
				CLANG_ANALYZER_NONNULL = YES;
				CLANG_ANALYZER_NUMBER_OBJECT_CONVERSION = YES_AGGRESSIVE;
				CLANG_CXX_LANGUAGE_STANDARD = "gnu++20";
				CLANG_ENABLE_MODULES = YES;
				CLANG_ENABLE_OBJC_ARC = YES;
				CLANG_ENABLE_OBJC_WEAK = YES;
				CLANG_WARN_BLOCK_CAPTURE_AUTORELEASING = YES;
				CLANG_WARN_BOOL_CONVERSION = YES;
				CLANG_WARN_COMMA = YES;
				CLANG_WARN_CONSTANT_CONVERSION = YES;
				CLANG_WARN_DEPRECATED_OBJC_IMPLEMENTATIONS = YES;
				CLANG_WARN_DIRECT_OBJC_ISA_USAGE = YES_ERROR;
				CLANG_WARN_DOCUMENTATION_COMMENTS = YES;
				CLANG_WARN_EMPTY_BODY = YES;
				CLANG_WARN_ENUM_CONVERSION = YES;
				CLANG_WARN_INFINITE_RECURSION = YES;
				CLANG_WARN_INT_CONVERSION = YES;
				CLANG_WARN_NON_LITERAL_NULL_CONVERSION = YES;
				CLANG_WARN_OBJC_IMPLICIT_RETAIN_SELF = YES;
				CLANG_WARN_OBJC_LITERAL_CONVERSION = YES;
				CLANG_WARN_OBJC_ROOT_CLASS = YES_ERROR;
				CLANG_WARN_QUOTED_INCLUDE_IN_FRAMEWORK_HEADER = YES;
				CLANG_WARN_RANGE_LOOP_ANALYSIS = YES;
				CLANG_WARN_STRICT_PROTOTYPES = YES;
				CLANG_WARN_SUSPICIOUS_MOVE = YES;
				CLANG_WARN_UNGUARDED_AVAILABILITY = YES_AGGRESSIVE;
				CLANG_WARN_UNREACHABLE_CODE = YES;
				CLANG_WARN__DUPLICATE_METHOD_MATCH = YES;
				COPY_PHASE_STRIP = NO;
				DEBUG_INFORMATION_FORMAT = "dwarf-with-dsym";
				ENABLE_NS_ASSERTIONS = NO;
				ENABLE_STRICT_OBJC_MSGSEND = YES;
				ENABLE_USER_SCRIPT_SANDBOXING = YES;
				GCC_C_LANGUAGE_STANDARD = gnu17;
				GCC_NO_COMMON_BLOCKS = YES;
				GCC_WARN_64_TO_32_BIT_CONVERSION = YES;
				GCC_WARN_ABOUT_RETURN_TYPE = YES_ERROR;
				GCC_WARN_UNDECLARED_SELECTOR = YES;
				GCC_WARN_UNINITIALIZED_AUTOS = YES_AGGRESSIVE;
				GCC_WARN_UNUSED_FUNCTION = YES;
				GCC_WARN_UNUSED_VARIABLE = YES;
				IPHONEOS_DEPLOYMENT_TARGET = 17.5;
				LOCALIZATION_PREFERS_STRING_CATALOGS = YES;
				MTL_ENABLE_DEBUG_INFO = NO;
				MTL_FAST_MATH = YES;
				SDKROOT = iphoneos;
				SWIFT_COMPILATION_MODE = wholemodule;
				VALIDATE_PRODUCT = YES;
			};
			name = Release;
		};
		E7B064EE2E76BDCD0027F1E5 /* Debug */ = {
			isa = XCBuildConfiguration;
			buildSettings = {
				ASSETCATALOG_COMPILER_APPICON_NAME = AppIcon;
				ASSETCATALOG_COMPILER_GLOBAL_ACCENT_COLOR_NAME = AccentColor;
				CODE_SIGN_STYLE = Automatic;
				CURRENT_PROJECT_VERSION = 1;
				DEVELOPMENT_ASSET_PATHS = "\"Cards/Preview Content\"";
				ENABLE_PREVIEWS = YES;
				GENERATE_INFOPLIST_FILE = YES;
				INFOPLIST_FILE = Cards/Info.plist;
				INFOPLIST_KEY_UIApplicationSceneManifest_Generation = YES;
				INFOPLIST_KEY_UIApplicationSupportsIndirectInputEvents = YES;
				INFOPLIST_KEY_UISupportedInterfaceOrientations_iPad = "UIInterfaceOrientationPortrait UIInterfaceOrientationPortraitUpsideDown UIInterfaceOrientationLandscapeLeft UIInterfaceOrientationLandscapeRight";
				INFOPLIST_KEY_UISupportedInterfaceOrientations_iPhone = "UIInterfaceOrientationPortrait UIInterfaceOrientationLandscapeLeft UIInterfaceOrientationLandscapeRight";
				LD_RUNPATH_SEARCH_PATHS = (
					"$(inherited)",
					"@executable_path/Frameworks",
				);
				MARKETING_VERSION = 1.0;
				PRODUCT_BUNDLE_IDENTIFIER = com.andrew.Cards;
				PRODUCT_NAME = "$(TARGET_NAME)";
				SWIFT_EMIT_LOC_STRINGS = YES;
				SWIFT_VERSION = 5.0;
				TARGETED_DEVICE_FAMILY = "1,2";
			};
			name = Debug;
		};
		E7B064EF2E76BDCD0027F1E5 /* Release */ = {
			isa = XCBuildConfiguration;
			buildSettings = {
				ASSETCATALOG_COMPILER_APPICON_NAME = AppIcon;
				ASSETCATALOG_COMPILER_GLOBAL_ACCENT_COLOR_NAME = AccentColor;
				CODE_SIGN_STYLE = Automatic;
				CURRENT_PROJECT_VERSION = 1;
				DEVELOPMENT_ASSET_PATHS = "\"Cards/Preview Content\"";
				ENABLE_PREVIEWS = YES;
				GENERATE_INFOPLIST_FILE = YES;
				INFOPLIST_FILE = Cards/Info.plist;
				INFOPLIST_KEY_UIApplicationSceneManifest_Generation = YES;
				INFOPLIST_KEY_UIApplicationSupportsIndirectInputEvents = YES;
				INFOPLIST_KEY_UISupportedInterfaceOrientations_iPad = "UIInterfaceOrientationPortrait UIInterfaceOrientationPortraitUpsideDown UIInterfaceOrientationLandscapeLeft UIInterfaceOrientationLandscapeRight";
				INFOPLIST_KEY_UISupportedInterfaceOrientations_iPhone = "UIInterfaceOrientationPortrait UIInterfaceOrientationLandscapeLeft UIInterfaceOrientationLandscapeRight";
				LD_RUNPATH_SEARCH_PATHS = (
					"$(inherited)",
					"@executable_path/Frameworks",
				);
				MARKETING_VERSION = 1.0;
				PRODUCT_BUNDLE_IDENTIFIER = com.andrew.Cards;
				PRODUCT_NAME = "$(TARGET_NAME)";
				SWIFT_EMIT_LOC_STRINGS = YES;
				SWIFT_VERSION = 5.0;
				TARGETED_DEVICE_FAMILY = "1,2";
			};
			name = Release;
		};
/* End XCBuildConfiguration section */

/* Begin XCConfigurationList section */
		E7B064DA2E76BDC80027F1E5 /* Build configuration list for PBXProject "Cards" */ = {
			isa = XCConfigurationList;
			buildConfigurations = (
				E7B064EB2E76BDCD0027F1E5 /* Debug */,
				E7B064EC2E76BDCD0027F1E5 /* Release */,
			);
			defaultConfigurationIsVisible = 0;
			defaultConfigurationName = Release;
		};
		E7B064ED2E76BDCD0027F1E5 /* Build configuration list for PBXNativeTarget "Cards" */ = {
			isa = XCConfigurationList;
			buildConfigurations = (
				E7B064EE2E76BDCD0027F1E5 /* Debug */,
				E7B064EF2E76BDCD0027F1E5 /* Release */,
			);
			defaultConfigurationIsVisible = 0;
			defaultConfigurationName = Release;
		};
/* End XCConfigurationList section */
	};
	rootObject = E7B064D72E76BDC80027F1E5 /* Project object */;
}
